
Microsoft Visual Studio Solution File, Format Version 12.00
# Visual Studio Version 17
VisualStudioVersion = 17.6.33815.320
MinimumVisualStudioVersion = 10.0.40219.1
Project("{FAE04EC0-301F-11D3-BF4B-00C04F79EFBC}") = "Lecture1", "Lecture1\Lecture1.csproj", "{AAA906BE-94F6-4F10-A320-E44121319A49}"
EndProject
Global
	GlobalSection(SolutionConfigurationPlatforms) = preSolution
		Debug|Any CPU = Debug|Any CPU
		Release|Any CPU = Release|Any CPU
	EndGlobalSection
	GlobalSection(ProjectConfigurationPlatforms) = postSolution
		{AAA906BE-94F6-4F10-A320-E44121319A49}.Debug|Any CPU.ActiveCfg = Debug|Any CPU
		{AAA906BE-94F6-4F10-A320-E44121319A49}.Debug|Any CPU.Build.0 = Debug|Any CPU
		{AAA906BE-94F6-4F10-A320-E44121319A49}.Release|Any CPU.ActiveCfg = Release|Any CPU
		{AAA906BE-94F6-4F10-A320-E44121319A49}.Release|Any CPU.Build.0 = Release|Any CPU
	EndGlobalSection
	GlobalSection(SolutionProperties) = preSolution
		HideSolutionNode = FALSE
	EndGlobalSection
	GlobalSection(ExtensibilityGlobals) = postSolution
		SolutionGuid = {A251C495-7A87-4107-98B3-EAC25711416A}
	EndGlobalSection
EndGlobal
